{
  "name": "rc-tutorials",
  "lockfileVersion": 3,
  "requires": true,
  "packages": {
    "": {
      "dependencies": {
        "@ringcentral/sdk": "^4.7.4",
        "dotenv": "^16.1.0",
        "ringcentral-web-phone": "^1.0.0-beta3"
      }
    },
    "node_modules/@ringcentral/sdk": {
      "version": "4.7.4",
      "resolved": "https://registry.npmjs.org/@ringcentral/sdk/-/sdk-4.7.4.tgz",
      "integrity": "sha512-7DpNn57v0+2FCpw08Dd3yS4c4ww9IOIA2SC4fGshCkqU8T5AkmGeAcc/Mastkhh7bnBgI3hsi9ulAtUMwU09wg==",
      "dependencies": {
        "dom-storage": "^2.1.0",
        "is-plain-object": "^2.0.4",
        "node-fetch": "^2.6.7"
      },
      "engines": {
        "node": ">=4"
      }
    },
    "node_modules/dom-storage": {
      "version": "2.1.0",
      "resolved": "https://registry.npmjs.org/dom-storage/-/dom-storage-2.1.0.tgz",
      "integrity": "sha512-g6RpyWXzl0RR6OTElHKBl7nwnK87GUyZMYC7JWsB/IA73vpqK2K6LT39x4VepLxlSsWBFrPVLnsSR5Jyty0+2Q==",
      "engines": {
        "node": "*"
      }
    },
    "node_modules/dotenv": {
      "version": "16.1.0",
      "resolved": "https://registry.npmjs.org/dotenv/-/dotenv-16.1.0.tgz",
      "integrity": "sha512-XiwP/4cqatBNLEnKe169vPZCrovUmYngyVA4DgZ3uIVLJfZaBgr4uT0EF2TrEQqgWDDlekGo0muEYme5SR78Ww==",
      "engines": {
        "node": ">=12"
      },
      "funding": {
        "url": "https://github.com/motdotla/dotenv?sponsor=1"
      }
    },
    "node_modules/is-plain-object": {
      "version": "2.0.4",
      "resolved": "https://registry.npmjs.org/is-plain-object/-/is-plain-object-2.0.4.tgz",
      "integrity": "sha512-h5PpgXkWitc38BBMYawTYMWJHFZJVnBquFE57xFpjB8pJFiF6gZ+bU+WyI/yqXiFR5mdLsgYNaPe8uao6Uv9Og==",
      "dependencies": {
        "isobject": "^3.0.1"
      },
      "engines": {
        "node": ">=0.10.0"
      }
    },
    "node_modules/isobject": {
      "version": "3.0.1",
      "resolved": "https://registry.npmjs.org/isobject/-/isobject-3.0.1.tgz",
      "integrity": "sha512-WhB9zCku7EGTj/HQQRz5aUQEUeoQZH2bWcltRErOpymJ4boYE6wL9Tbr23krRPSZ+C5zqNSrSw+Cc7sZZ4b7vg==",
      "engines": {
        "node": ">=0.10.0"
      }
    },
    "node_modules/node-fetch": {
      "version": "2.6.11",
      "resolved": "https://registry.npmjs.org/node-fetch/-/node-fetch-2.6.11.tgz",
      "integrity": "sha512-4I6pdBY1EthSqDmJkiNk3JIT8cswwR9nfeW/cPdUagJYEQG7R95WRH74wpz7ma8Gh/9dI9FP+OU+0E4FvtA55w==",
      "dependencies": {
        "whatwg-url": "^5.0.0"
      },
      "engines": {
        "node": "4.x || >=6.0.0"
      },
      "peerDependencies": {
        "encoding": "^0.1.0"
      },
      "peerDependenciesMeta": {
        "encoding": {
          "optional": true
        }
      }
    },
    "node_modules/ringcentral-web-phone": {
      "version": "1.0.0-beta3",
      "resolved": "https://registry.npmjs.org/ringcentral-web-phone/-/ringcentral-web-phone-1.0.0-beta3.tgz",
      "integrity": "sha512-Kp5kVw6rbOPwtZqNoHbKy7NargSSdNAiYnezgcM/BGC6q+qndJsOCu3c57ZgQJsODHlq8LzkdUzmyqQeulAD3A==",
      "dependencies": {
        "sip.js": "0.21.2"
      }
    },
    "node_modules/sip.js": {
      "version": "0.21.2",
      "resolved": "https://registry.npmjs.org/sip.js/-/sip.js-0.21.2.tgz",
      "integrity": "sha512-tSqTcIgrOd2IhP/rd70JablvAp+fSfLSxO4hGNY6LkWRY1SKygTO7OtJEV/BQb8oIxtMRx0LE7nUF2MaqGbFzA==",
      "engines": {
        "node": ">=10.0"
      }
    },
    "node_modules/tr46": {
      "version": "0.0.3",
      "resolved": "https://registry.npmjs.org/tr46/-/tr46-0.0.3.tgz",
      "integrity": "sha512-N3WMsuqV66lT30CrXNbEjx4GEwlow3v6rr4mCcv6prnfwhS01rkgyFdjPNBYd9br7LpXV1+Emh01fHnq2Gdgrw=="
    },
    "node_modules/webidl-conversions": {
      "version": "3.0.1",
      "resolved": "https://registry.npmjs.org/webidl-conversions/-/webidl-conversions-3.0.1.tgz",
      "integrity": "sha512-2JAn3z8AR6rjK8Sm8orRC0h/bcl/DqL7tRPdGZ4I1CjdF+EaMLmYxBHyXuKL849eucPFhvBoxMsflfOb8kxaeQ=="
    },
    "node_modules/whatwg-url": {
      "version": "5.0.0",
      "resolved": "https://registry.npmjs.org/whatwg-url/-/whatwg-url-5.0.0.tgz",
      "integrity": "sha512-saE57nupxk6v3HY35+jzBwYa0rKSy0XR8JSxZPwgLr7ys0IBzhGviA1/TUGJLmSVqs8pb9AnvICXEuOHLprYTw==",
      "dependencies": {
        "tr46": "~0.0.3",
        "webidl-conversions": "^3.0.0"
      }
    }
  }
}
